
Microsoft Visual Studio Solution File, Format Version 12.00
# Visual Studio Version 16
VisualStudioVersion = 16.0.29324.140
MinimumVisualStudioVersion = 10.0.40219.1
Project("{FAE04EC0-301F-11D3-BF4B-00C04F79EFBC}") = "signinpar2", "signinpar2\signinpar2.csproj", "{7B085862-04B4-413C-A558-A770FD5257ED}"
EndProject
Global
	GlobalSection(SolutionConfigurationPlatforms) = preSolution
		Debug|Any CPU = Debug|Any CPU
		Release|Any CPU = Release|Any CPU
	EndGlobalSection
	GlobalSection(ProjectConfigurationPlatforms) = postSolution
		{7B085862-04B4-413C-A558-A770FD5257ED}.Debug|Any CPU.ActiveCfg = Debug|Any CPU
		{7B085862-04B4-413C-A558-A770FD5257ED}.Debug|Any CPU.Build.0 = Debug|Any CPU
		{7B085862-04B4-413C-A558-A770FD5257ED}.Release|Any CPU.ActiveCfg = Release|Any CPU
		{7B085862-04B4-413C-A558-A770FD5257ED}.Release|Any CPU.Build.0 = Release|Any CPU
	EndGlobalSection
	GlobalSection(SolutionProperties) = preSolution
		HideSolutionNode = FALSE
	EndGlobalSection
	GlobalSection(ExtensibilityGlobals) = postSolution
		SolutionGuid = {D15D5975-3CA3-45A5-841E-286960FECBB1}
	EndGlobalSection
EndGlobal
