
Microsoft Visual Studio Solution File, Format Version 12.00
# Visual Studio Version 16
VisualStudioVersion = 16.0.29503.13
MinimumVisualStudioVersion = 10.0.40219.1
Project("{FAE04EC0-301F-11D3-BF4B-00C04F79EFBC}") = "JsonObjectTest", "JsonObjectTest.csproj", "{45C31965-0CCA-4175-95C8-5C4B77151BFC}"
EndProject
Global
	GlobalSection(SolutionConfigurationPlatforms) = preSolution
		Debug|Any CPU = Debug|Any CPU
		Release|Any CPU = Release|Any CPU
	EndGlobalSection
	GlobalSection(ProjectConfigurationPlatforms) = postSolution
		{45C31965-0CCA-4175-95C8-5C4B77151BFC}.Debug|Any CPU.ActiveCfg = Debug|Any CPU
		{45C31965-0CCA-4175-95C8-5C4B77151BFC}.Debug|Any CPU.Build.0 = Debug|Any CPU
		{45C31965-0CCA-4175-95C8-5C4B77151BFC}.Release|Any CPU.ActiveCfg = Release|Any CPU
		{45C31965-0CCA-4175-95C8-5C4B77151BFC}.Release|Any CPU.Build.0 = Release|Any CPU
	EndGlobalSection
	GlobalSection(SolutionProperties) = preSolution
		HideSolutionNode = FALSE
	EndGlobalSection
	GlobalSection(ExtensibilityGlobals) = postSolution
		SolutionGuid = {63FA4146-58E0-4293-8C73-4514DB32A38B}
	EndGlobalSection
EndGlobal
